// !$*UTF8*$!
{
	archiveVersion = 1;
	classes = {
	};
	objectVersion = 48;
	objects = {

/* Begin PBXBuildFile section */
		9A63D96B201634BD00B820F8 /* AppDelegate.swift in Sources */ = {isa = PBXBuildFile; fileRef = 9A63D96A201634BD00B820F8 /* AppDelegate.swift */; };
		9A63D96D201634BD00B820F8 /* ViewController.swift in Sources */ = {isa = PBXBuildFile; fileRef = 9A63D96C201634BD00B820F8 /* ViewController.swift */; };
		9A63D970201634BD00B820F8 /* Main.storyboard in Resources */ = {isa = PBXBuildFile; fileRef = 9A63D96E201634BD00B820F8 /* Main.storyboard */; };
		9A63D972201634BD00B820F8 /* Assets.xcassets in Resources */ = {isa = PBXBuildFile; fileRef = 9A63D971201634BD00B820F8 /* Assets.xcassets */; };
		9A63D975201634BD00B820F8 /* LaunchScreen.storyboard in Resources */ = {isa = PBXBuildFile; fileRef = 9A63D973201634BD00B820F8 /* LaunchScreen.storyboard */; };
		9A63D97D2016353E00B820F8 /* Api.swift in Sources */ = {isa = PBXBuildFile; fileRef = 9A63D97C2016353E00B820F8 /* Api.swift */; };
/* End PBXBuildFile section */

/* Begin PBXFileReference section */
		9A63D967201634BD00B820F8 /* tomoki-ios-teach.app */ = {isa = PBXFileReference; explicitFileType = wrapper.application; includeInIndex = 0; path = "tomoki-ios-teach.app"; sourceTree = BUILT_PRODUCTS_DIR; };
		9A63D96A201634BD00B820F8 /* AppDelegate.swift */ = {isa = PBXFileReference; lastKnownFileType = sourcecode.swift; path = AppDelegate.swift; sourceTree = "<group>"; };
		9A63D96C201634BD00B820F8 /* ViewController.swift */ = {isa = PBXFileReference; lastKnownFileType = sourcecode.swift; path = ViewController.swift; sourceTree = "<group>"; };
		9A63D96F201634BD00B820F8 /* Base */ = {isa = PBXFileReference; lastKnownFileType = file.storyboard; name = Base; path = Base.lproj/Main.storyboard; sourceTree = "<group>"; };
		9A63D971201634BD00B820F8 /* Assets.xcassets */ = {isa = PBXFileReference; lastKnownFileType = folder.assetcatalog; path = Assets.xcassets; sourceTree = "<group>"; };
		9A63D974201634BD00B820F8 /* Base */ = {isa = PBXFileReference; lastKnownFileType = file.storyboard; name = Base; path = Base.lproj/LaunchScreen.storyboard; sourceTree = "<group>"; };
		9A63D976201634BD00B820F8 /* Info.plist */ = {isa = PBXFileReference; lastKnownFileType = text.plist.xml; path = Info.plist; sourceTree = "<group>"; };
		9A63D97C2016353E00B820F8 /* Api.swift */ = {isa = PBXFileReference; lastKnownFileType = sourcecode.swift; path = Api.swift; sourceTree = "<group>"; };
/* End PBXFileReference section */

/* Begin PBXFrameworksBuildPhase section */
		9A63D964201634BD00B820F8 /* Frameworks */ = {
			isa = PBXFrameworksBuildPhase;
			buildActionMask = 2147483647;
			files = (
			);
			runOnlyForDeploymentPostprocessing = 0;
		};
/* End PBXFrameworksBuildPhase section */

/* Begin PBXGroup section */
		9A63D95E201634BD00B820F8 = {
			isa = PBXGroup;
			children = (
				9A63D969201634BD00B820F8 /* tomoki-ios-teach */,
				9A63D968201634BD00B820F8 /* Products */,
			);
			sourceTree = "<group>";
		};
		9A63D968201634BD00B820F8 /* Products */ = {
			isa = PBXGroup;
			children = (
				9A63D967201634BD00B820F8 /* tomoki-ios-teach.app */,
			);
			name = Products;
			sourceTree = "<group>";
		};
		9A63D969201634BD00B820F8 /* tomoki-ios-teach */ = {
			isa = PBXGroup;
			children = (
				9A63D96A201634BD00B820F8 /* AppDelegate.swift */,
				9A63D96C201634BD00B820F8 /* ViewController.swift */,
				9A63D97E2016354300B820F8 /* Api */,
				9A63D96E201634BD00B820F8 /* Main.storyboard */,
				9A63D971201634BD00B820F8 /* Assets.xcassets */,
				9A63D973201634BD00B820F8 /* LaunchScreen.storyboard */,
				9A63D976201634BD00B820F8 /* Info.plist */,
			);
			path = "tomoki-ios-teach";
			sourceTree = "<group>";
		};
		9A63D97E2016354300B820F8 /* Api */ = {
			isa = PBXGroup;
			children = (
				9A63D97C2016353E00B820F8 /* Api.swift */,
			);
			path = Api;
			sourceTree = "<group>";
		};
/* End PBXGroup section */

/* Begin PBXNativeTarget section */
		9A63D966201634BD00B820F8 /* tomoki-ios-teach */ = {
			isa = PBXNativeTarget;
			buildConfigurationList = 9A63D979201634BD00B820F8 /* Build configuration list for PBXNativeTarget "tomoki-ios-teach" */;
			buildPhases = (
				9A63D963201634BD00B820F8 /* Sources */,
				9A63D964201634BD00B820F8 /* Frameworks */,
				9A63D965201634BD00B820F8 /* Resources */,
			);
			buildRules = (
			);
			dependencies = (
			);
			name = "tomoki-ios-teach";
			productName = "tomoki-ios-teach";
			productReference = 9A63D967201634BD00B820F8 /* tomoki-ios-teach.app */;
			productType = "com.apple.product-type.application";
		};
/* End PBXNativeTarget section */

/* Begin PBXProject section */
		9A63D95F201634BD00B820F8 /* Project object */ = {
			isa = PBXProject;
			attributes = {
				LastSwiftUpdateCheck = 0920;
				LastUpgradeCheck = 0920;
				ORGANIZATIONNAME = konojunya;
				TargetAttributes = {
					9A63D966201634BD00B820F8 = {
						CreatedOnToolsVersion = 9.2;
						ProvisioningStyle = Automatic;
					};
				};
			};
			buildConfigurationList = 9A63D962201634BD00B820F8 /* Build configuration list for PBXProject "tomoki-ios-teach" */;
			compatibilityVersion = "Xcode 8.0";
			developmentRegion = en;
			hasScannedForEncodings = 0;
			knownRegions = (
				en,
				Base,
			);
			mainGroup = 9A63D95E201634BD00B820F8;
			productRefGroup = 9A63D968201634BD00B820F8 /* Products */;
			projectDirPath = "";
			projectRoot = "";
			targets = (
				9A63D966201634BD00B820F8 /* tomoki-ios-teach */,
			);
		};
/* End PBXProject section */

/* Begin PBXResourcesBuildPhase section */
		9A63D965201634BD00B820F8 /* Resources */ = {
			isa = PBXResourcesBuildPhase;
			buildActionMask = 2147483647;
			files = (
				9A63D975201634BD00B820F8 /* LaunchScreen.storyboard in Resources */,
				9A63D972201634BD00B820F8 /* Assets.xcassets in Resources */,
				9A63D970201634BD00B820F8 /* Main.storyboard in Resources */,
			);
			runOnlyForDeploymentPostprocessing = 0;
		};
/* End PBXResourcesBuildPhase section */

/* Begin PBXSourcesBuildPhase section */
		9A63D963201634BD00B820F8 /* Sources */ = {
			isa = PBXSourcesBuildPhase;
			buildActionMask = 2147483647;
			files = (
				9A63D97D2016353E00B820F8 /* Api.swift in Sources */,
				9A63D96D201634BD00B820F8 /* ViewController.swift in Sources */,
				9A63D96B201634BD00B820F8 /* AppDelegate.swift in Sources */,
			);
			runOnlyForDeploymentPostprocessing = 0;
		};
/* End PBXSourcesBuildPhase section */

/* Begin PBXVariantGroup section */
		9A63D96E201634BD00B820F8 /* Main.storyboard */ = {
			isa = PBXVariantGroup;
			children = (
				9A63D96F201634BD00B820F8 /* Base */,
			);
			name = Main.storyboard;
			sourceTree = "<group>";
		};
		9A63D973201634BD00B820F8 /* LaunchScreen.storyboard */ = {
			isa = PBXVariantGroup;
			children = (
				9A63D974201634BD00B820F8 /* Base */,
			);
			name = LaunchScreen.storyboard;
			sourceTree = "<group>";
		};
/* End PBXVariantGroup section */

/* Begin XCBuildConfiguration section */
		9A63D977201634BD00B820F8 /* Debug */ = {
			isa = XCBuildConfiguration;
			buildSettings = {
				ALWAYS_SEARCH_USER_PATHS = NO;
				CLANG_ANALYZER_NONNULL = YES;
				CLANG_ANALYZER_NUMBER_OBJECT_CONVERSION = YES_AGGRESSIVE;
				CLANG_CXX_LANGUAGE_STANDARD = "gnu++14";
				CLANG_CXX_LIBRARY = "libc++";
				CLANG_ENABLE_MODULES = YES;
				CLANG_ENABLE_OBJC_ARC = YES;
				CLANG_WARN_BLOCK_CAPTURE_AUTORELEASING = YES;
				CLANG_WARN_BOOL_CONVERSION = YES;
				CLANG_WARN_COMMA = YES;
				CLANG_WARN_CONSTANT_CONVERSION = YES;
				CLANG_WARN_DIRECT_OBJC_ISA_USAGE = YES_ERROR;
				CLANG_WARN_DOCUMENTATION_COMMENTS = YES;
				CLANG_WARN_EMPTY_BODY = YES;
				CLANG_WARN_ENUM_CONVERSION = YES;
				CLANG_WARN_INFINITE_RECURSION = YES;
				CLANG_WARN_INT_CONVERSION = YES;
				CLANG_WARN_NON_LITERAL_NULL_CONVERSION = YES;
				CLANG_WARN_OBJC_LITERAL_CONVERSION = YES;
				CLANG_WARN_OBJC_ROOT_CLASS = YES_ERROR;
				CLANG_WARN_RANGE_LOOP_ANALYSIS = YES;
				CLANG_WARN_STRICT_PROTOTYPES = YES;
				CLANG_WARN_SUSPICIOUS_MOVE = YES;
				CLANG_WARN_UNGUARDED_AVAILABILITY = YES_AGGRESSIVE;
				CLANG_WARN_UNREACHABLE_CODE = YES;
				CLANG_WARN__DUPLICATE_METHOD_MATCH = YES;
				CODE_SIGN_IDENTITY = "iPhone Developer";
				COPY_PHASE_STRIP = NO;
				DEBUG_INFORMATION_FORMAT = dwarf;
				ENABLE_STRICT_OBJC_MSGSEND = YES;
				ENABLE_TESTABILITY = YES;
				GCC_C_LANGUAGE_STANDARD = gnu11;
				GCC_DYNAMIC_NO_PIC = NO;
				GCC_NO_COMMON_BLOCKS = YES;
				GCC_OPTIMIZATION_LEVEL = 0;
				GCC_PREPROCESSOR_DEFINITIONS = (
					"DEBUG=1",
					"$(inherited)",
				);
				GCC_WARN_64_TO_32_BIT_CONVERSION = YES;
				GCC_WARN_ABOUT_RETURN_TYPE = YES_ERROR;
				GCC_WARN_UNDECLARED_SELECTOR = YES;
				GCC_WARN_UNINITIALIZED_AUTOS = YES_AGGRESSIVE;
				GCC_WARN_UNUSED_FUNCTION = YES;
				GCC_WARN_UNUSED_VARIABLE = YES;
				IPHONEOS_DEPLOYMENT_TARGET = 11.2;
				MTL_ENABLE_DEBUG_INFO = YES;
				ONLY_ACTIVE_ARCH = YES;
				SDKROOT = iphoneos;
				SWIFT_ACTIVE_COMPILATION_CONDITIONS = DEBUG;
				SWIFT_OPTIMIZATION_LEVEL = "-Onone";
			};
			name = Debug;
		};
		9A63D978201634BD00B820F8 /* Release */ = {
			isa = XCBuildConfiguration;
			buildSettings = {
				ALWAYS_SEARCH_USER_PATHS = NO;
				CLANG_ANALYZER_NONNULL = YES;
				CLANG_ANALYZER_NUMBER_OBJECT_CONVERSION = YES_AGGRESSIVE;
				CLANG_CXX_LANGUAGE_STANDARD = "gnu++14";
				CLANG_CXX_LIBRARY = "libc++";
				CLANG_ENABLE_MODULES = YES;
				CLANG_ENABLE_OBJC_ARC = YES;
				CLANG_WARN_BLOCK_CAPTURE_AUTORELEASING = YES;
				CLANG_WARN_BOOL_CONVERSION = YES;
				CLANG_WARN_COMMA = YES;
				CLANG_WARN_CONSTANT_CONVERSION = YES;
				CLANG_WARN_DIRECT_OBJC_ISA_USAGE = YES_ERROR;
				CLANG_WARN_DOCUMENTATION_COMMENTS = YES;
				CLANG_WARN_EMPTY_BODY = YES;
				CLANG_WARN_ENUM_CONVERSION = YES;
				CLANG_WARN_INFINITE_RECURSION = YES;
				CLANG_WARN_INT_CONVERSION = YES;
				CLANG_WARN_NON_LITERAL_NULL_CONVERSION = YES;
				CLANG_WARN_OBJC_LITERAL_CONVERSION = YES;
				CLANG_WARN_OBJC_ROOT_CLASS = YES_ERROR;
				CLANG_WARN_RANGE_LOOP_ANALYSIS = YES;
				CLANG_WARN_STRICT_PROTOTYPES = YES;
				CLANG_WARN_SUSPICIOUS_MOVE = YES;
				CLANG_WARN_UNGUARDED_AVAILABILITY = YES_AGGRESSIVE;
				CLANG_WARN_UNREACHABLE_CODE = YES;
				CLANG_WARN__DUPLICATE_METHOD_MATCH = YES;
				CODE_SIGN_IDENTITY = "iPhone Developer";
				COPY_PHASE_STRIP = NO;
				DEBUG_INFORMATION_FORMAT = "dwarf-with-dsym";
				ENABLE_NS_ASSERTIONS = NO;
				ENABLE_STRICT_OBJC_MSGSEND = YES;
				GCC_C_LANGUAGE_STANDARD = gnu11;
				GCC_NO_COMMON_BLOCKS = YES;
				GCC_WARN_64_TO_32_BIT_CONVERSION = YES;
				GCC_WARN_ABOUT_RETURN_TYPE = YES_ERROR;
				GCC_WARN_UNDECLARED_SELECTOR = YES;
				GCC_WARN_UNINITIALIZED_AUTOS = YES_AGGRESSIVE;
				GCC_WARN_UNUSED_FUNCTION = YES;
				GCC_WARN_UNUSED_VARIABLE = YES;
				IPHONEOS_DEPLOYMENT_TARGET = 11.2;
				MTL_ENABLE_DEBUG_INFO = NO;
				SDKROOT = iphoneos;
				SWIFT_OPTIMIZATION_LEVEL = "-Owholemodule";
				VALIDATE_PRODUCT = YES;
			};
			name = Release;
		};
		9A63D97A201634BD00B820F8 /* Debug */ = {
			isa = XCBuildConfiguration;
			buildSettings = {
				ASSETCATALOG_COMPILER_APPICON_NAME = AppIcon;
				CODE_SIGN_STYLE = Automatic;
				DEVELOPMENT_TEAM = RH75B2UCHQ;
				INFOPLIST_FILE = "tomoki-ios-teach/Info.plist";
				LD_RUNPATH_SEARCH_PATHS = "$(inherited) @executable_path/Frameworks";
				PRODUCT_BUNDLE_IDENTIFIER = "konojunya.tomoki-ios-teach";
				PRODUCT_NAME = "$(TARGET_NAME)";
				SWIFT_VERSION = 4.0;
				TARGETED_DEVICE_FAMILY = "1,2";
			};
			name = Debug;
		};
		9A63D97B201634BD00B820F8 /* Release */ = {
			isa = XCBuildConfiguration;
			buildSettings = {
				ASSETCATALOG_COMPILER_APPICON_NAME = AppIcon;
				CODE_SIGN_STYLE = Automatic;
				DEVELOPMENT_TEAM = RH75B2UCHQ;
				INFOPLIST_FILE = "tomoki-ios-teach/Info.plist";
				LD_RUNPATH_SEARCH_PATHS = "$(inherited) @executable_path/Frameworks";
				PRODUCT_BUNDLE_IDENTIFIER = "konojunya.tomoki-ios-teach";
				PRODUCT_NAME = "$(TARGET_NAME)";
				SWIFT_VERSION = 4.0;
				TARGETED_DEVICE_FAMILY = "1,2";
			};
			name = Release;
		};
/* End XCBuildConfiguration section */

/* Begin XCConfigurationList section */
		9A63D962201634BD00B820F8 /* Build configuration list for PBXProject "tomoki-ios-teach" */ = {
			isa = XCConfigurationList;
			buildConfigurations = (
				9A63D977201634BD00B820F8 /* Debug */,
				9A63D978201634BD00B820F8 /* Release */,
			);
			defaultConfigurationIsVisible = 0;
			defaultConfigurationName = Release;
		};
		9A63D979201634BD00B820F8 /* Build configuration list for PBXNativeTarget "tomoki-ios-teach" */ = {
			isa = XCConfigurationList;
			buildConfigurations = (
				9A63D97A201634BD00B820F8 /* Debug */,
				9A63D97B201634BD00B820F8 /* Release */,
			);
			defaultConfigurationIsVisible = 0;
			defaultConfigurationName = Release;
		};
/* End XCConfigurationList section */
	};
	rootObject = 9A63D95F201634BD00B820F8 /* Project object */;
}
